
Microsoft Visual Studio Solution File, Format Version 12.00
# Visual Studio Version 16
VisualStudioVersion = 16.0.31129.286
MinimumVisualStudioVersion = 10.0.40219.1
Project("{9A19103F-16F7-4668-BE54-9A1E7A4F7556}") = "distroCrawler", "distroCrawler.csproj", "{AF0F2CA7-BCBA-4912-82AD-D536D68F5B5D}"
EndProject
Project("{FAE04EC0-301F-11D3-BF4B-00C04F79EFBC}") = "Model", "..\..\distroTrendsWeb\Model\Model.csproj", "{94A73100-C1DA-4579-9824-6D166D8A3612}"
EndProject
Project("{FAE04EC0-301F-11D3-BF4B-00C04F79EFBC}") = "Helper", "..\..\distroTrendsWeb\Helper\Helper.csproj", "{BAC6AD17-07F4-4C53-9EEA-2DD0B139606D}"
EndProject
Global
	GlobalSection(SolutionConfigurationPlatforms) = preSolution
		Debug|Any CPU = Debug|Any CPU
		Release|Any CPU = Release|Any CPU
	EndGlobalSection
	GlobalSection(ProjectConfigurationPlatforms) = postSolution
		{AF0F2CA7-BCBA-4912-82AD-D536D68F5B5D}.Debug|Any CPU.ActiveCfg = Debug|Any CPU
		{AF0F2CA7-BCBA-4912-82AD-D536D68F5B5D}.Debug|Any CPU.Build.0 = Debug|Any CPU
		{AF0F2CA7-BCBA-4912-82AD-D536D68F5B5D}.Release|Any CPU.ActiveCfg = Release|Any CPU
		{AF0F2CA7-BCBA-4912-82AD-D536D68F5B5D}.Release|Any CPU.Build.0 = Release|Any CPU
		{94A73100-C1DA-4579-9824-6D166D8A3612}.Debug|Any CPU.ActiveCfg = Debug|Any CPU
		{94A73100-C1DA-4579-9824-6D166D8A3612}.Debug|Any CPU.Build.0 = Debug|Any CPU
		{94A73100-C1DA-4579-9824-6D166D8A3612}.Release|Any CPU.ActiveCfg = Release|Any CPU
		{94A73100-C1DA-4579-9824-6D166D8A3612}.Release|Any CPU.Build.0 = Release|Any CPU
		{BAC6AD17-07F4-4C53-9EEA-2DD0B139606D}.Debug|Any CPU.ActiveCfg = Debug|Any CPU
		{BAC6AD17-07F4-4C53-9EEA-2DD0B139606D}.Debug|Any CPU.Build.0 = Debug|Any CPU
		{BAC6AD17-07F4-4C53-9EEA-2DD0B139606D}.Release|Any CPU.ActiveCfg = Release|Any CPU
		{BAC6AD17-07F4-4C53-9EEA-2DD0B139606D}.Release|Any CPU.Build.0 = Release|Any CPU
	EndGlobalSection
	GlobalSection(SolutionProperties) = preSolution
		HideSolutionNode = FALSE
	EndGlobalSection
	GlobalSection(ExtensibilityGlobals) = postSolution
		SolutionGuid = {7881848F-5AB7-4BDE-991C-D436C98E6375}
	EndGlobalSection
EndGlobal
